
Microsoft Visual Studio Solution File, Format Version 12.00
# Visual Studio 2013
VisualStudioVersion = 12.0.21005.1
MinimumVisualStudioVersion = 10.0.40219.1
Project("{B1E792BE-AA5F-4E3C-8C82-674BF9C0715B}") = "M1L1", "M1L1\M1L1.tsproj", "{71CC67DF-3802-46C3-8FE5-87DB7C7ACFB3}"
EndProject
Project("{FD9F1D59-E000-42F3-8744-88DE1BE93C06}") = "M1L1_Scope", "M1L1_Scope\M1L1_Scope.tcmproj", "{A9CE9291-81CE-4D14-BCCA-8EF50323F594}"
EndProject
Global
	GlobalSection(SolutionConfigurationPlatforms) = preSolution
		Debug|TwinCAT CE7 (ARMV7) = Debug|TwinCAT CE7 (ARMV7)
		Debug|TwinCAT OS (ARMT2) = Debug|TwinCAT OS (ARMT2)
		Debug|TwinCAT RT (x64) = Debug|TwinCAT RT (x64)
		Debug|TwinCAT RT (x86) = Debug|TwinCAT RT (x86)
		Release|TwinCAT CE7 (ARMV7) = Release|TwinCAT CE7 (ARMV7)
		Release|TwinCAT OS (ARMT2) = Release|TwinCAT OS (ARMT2)
		Release|TwinCAT RT (x64) = Release|TwinCAT RT (x64)
		Release|TwinCAT RT (x86) = Release|TwinCAT RT (x86)
	EndGlobalSection
	GlobalSection(ProjectConfigurationPlatforms) = postSolution
		{71CC67DF-3802-46C3-8FE5-87DB7C7ACFB3}.Debug|TwinCAT CE7 (ARMV7).ActiveCfg = Debug|TwinCAT CE7 (ARMV7)
		{71CC67DF-3802-46C3-8FE5-87DB7C7ACFB3}.Debug|TwinCAT CE7 (ARMV7).Build.0 = Debug|TwinCAT CE7 (ARMV7)
		{71CC67DF-3802-46C3-8FE5-87DB7C7ACFB3}.Debug|TwinCAT OS (ARMT2).ActiveCfg = Debug|TwinCAT OS (ARMT2)
		{71CC67DF-3802-46C3-8FE5-87DB7C7ACFB3}.Debug|TwinCAT OS (ARMT2).Build.0 = Debug|TwinCAT OS (ARMT2)
		{71CC67DF-3802-46C3-8FE5-87DB7C7ACFB3}.Debug|TwinCAT RT (x64).ActiveCfg = Debug|TwinCAT RT (x64)
		{71CC67DF-3802-46C3-8FE5-87DB7C7ACFB3}.Debug|TwinCAT RT (x64).Build.0 = Debug|TwinCAT RT (x64)
		{71CC67DF-3802-46C3-8FE5-87DB7C7ACFB3}.Debug|TwinCAT RT (x86).ActiveCfg = Debug|TwinCAT RT (x86)
		{71CC67DF-3802-46C3-8FE5-87DB7C7ACFB3}.Debug|TwinCAT RT (x86).Build.0 = Debug|TwinCAT RT (x86)
		{71CC67DF-3802-46C3-8FE5-87DB7C7ACFB3}.Release|TwinCAT CE7 (ARMV7).ActiveCfg = Release|TwinCAT CE7 (ARMV7)
		{71CC67DF-3802-46C3-8FE5-87DB7C7ACFB3}.Release|TwinCAT CE7 (ARMV7).Build.0 = Release|TwinCAT CE7 (ARMV7)
		{71CC67DF-3802-46C3-8FE5-87DB7C7ACFB3}.Release|TwinCAT OS (ARMT2).ActiveCfg = Release|TwinCAT OS (ARMT2)
		{71CC67DF-3802-46C3-8FE5-87DB7C7ACFB3}.Release|TwinCAT OS (ARMT2).Build.0 = Release|TwinCAT OS (ARMT2)
		{71CC67DF-3802-46C3-8FE5-87DB7C7ACFB3}.Release|TwinCAT RT (x64).ActiveCfg = Release|TwinCAT RT (x64)
		{71CC67DF-3802-46C3-8FE5-87DB7C7ACFB3}.Release|TwinCAT RT (x64).Build.0 = Release|TwinCAT RT (x64)
		{71CC67DF-3802-46C3-8FE5-87DB7C7ACFB3}.Release|TwinCAT RT (x86).ActiveCfg = Release|TwinCAT RT (x86)
		{71CC67DF-3802-46C3-8FE5-87DB7C7ACFB3}.Release|TwinCAT RT (x86).Build.0 = Release|TwinCAT RT (x86)
		{9A0D7DCA-0EE6-474E-B222-8B1100F1F227}.Debug|TwinCAT CE7 (ARMV7).ActiveCfg = Debug|TwinCAT CE7 (ARMV7)
		{9A0D7DCA-0EE6-474E-B222-8B1100F1F227}.Debug|TwinCAT CE7 (ARMV7).Build.0 = Debug|TwinCAT CE7 (ARMV7)
		{9A0D7DCA-0EE6-474E-B222-8B1100F1F227}.Debug|TwinCAT OS (ARMT2).ActiveCfg = Debug|TwinCAT OS (ARMT2)
		{9A0D7DCA-0EE6-474E-B222-8B1100F1F227}.Debug|TwinCAT OS (ARMT2).Build.0 = Debug|TwinCAT OS (ARMT2)
		{9A0D7DCA-0EE6-474E-B222-8B1100F1F227}.Debug|TwinCAT RT (x64).ActiveCfg = Debug|TwinCAT RT (x64)
		{9A0D7DCA-0EE6-474E-B222-8B1100F1F227}.Debug|TwinCAT RT (x64).Build.0 = Debug|TwinCAT RT (x64)
		{9A0D7DCA-0EE6-474E-B222-8B1100F1F227}.Debug|TwinCAT RT (x86).ActiveCfg = Debug|TwinCAT RT (x86)
		{9A0D7DCA-0EE6-474E-B222-8B1100F1F227}.Debug|TwinCAT RT (x86).Build.0 = Debug|TwinCAT RT (x86)
		{9A0D7DCA-0EE6-474E-B222-8B1100F1F227}.Release|TwinCAT CE7 (ARMV7).ActiveCfg = Release|TwinCAT CE7 (ARMV7)
		{9A0D7DCA-0EE6-474E-B222-8B1100F1F227}.Release|TwinCAT CE7 (ARMV7).Build.0 = Release|TwinCAT CE7 (ARMV7)
		{9A0D7DCA-0EE6-474E-B222-8B1100F1F227}.Release|TwinCAT OS (ARMT2).ActiveCfg = Release|TwinCAT OS (ARMT2)
		{9A0D7DCA-0EE6-474E-B222-8B1100F1F227}.Release|TwinCAT OS (ARMT2).Build.0 = Release|TwinCAT OS (ARMT2)
		{9A0D7DCA-0EE6-474E-B222-8B1100F1F227}.Release|TwinCAT RT (x64).ActiveCfg = Release|TwinCAT RT (x64)
		{9A0D7DCA-0EE6-474E-B222-8B1100F1F227}.Release|TwinCAT RT (x64).Build.0 = Release|TwinCAT RT (x64)
		{9A0D7DCA-0EE6-474E-B222-8B1100F1F227}.Release|TwinCAT RT (x86).ActiveCfg = Release|TwinCAT RT (x86)
		{9A0D7DCA-0EE6-474E-B222-8B1100F1F227}.Release|TwinCAT RT (x86).Build.0 = Release|TwinCAT RT (x86)
		{A9CE9291-81CE-4D14-BCCA-8EF50323F594}.Debug|TwinCAT CE7 (ARMV7).ActiveCfg = Debug|TwinCAT CE7 (ARMV7)
		{A9CE9291-81CE-4D14-BCCA-8EF50323F594}.Debug|TwinCAT OS (ARMT2).ActiveCfg = Debug|TwinCAT OS (ARMT2)
		{A9CE9291-81CE-4D14-BCCA-8EF50323F594}.Debug|TwinCAT RT (x64).ActiveCfg = Debug|TwinCAT RT (x64)
		{A9CE9291-81CE-4D14-BCCA-8EF50323F594}.Debug|TwinCAT RT (x86).ActiveCfg = Debug|TwinCAT RT (x86)
		{A9CE9291-81CE-4D14-BCCA-8EF50323F594}.Release|TwinCAT CE7 (ARMV7).ActiveCfg = Release|TwinCAT CE7 (ARMV7)
		{A9CE9291-81CE-4D14-BCCA-8EF50323F594}.Release|TwinCAT OS (ARMT2).ActiveCfg = Release|TwinCAT OS (ARMT2)
		{A9CE9291-81CE-4D14-BCCA-8EF50323F594}.Release|TwinCAT RT (x64).ActiveCfg = Release|TwinCAT RT (x64)
		{A9CE9291-81CE-4D14-BCCA-8EF50323F594}.Release|TwinCAT RT (x86).ActiveCfg = Release|TwinCAT RT (x86)
	EndGlobalSection
	GlobalSection(SolutionProperties) = preSolution
		HideSolutionNode = FALSE
	EndGlobalSection
EndGlobal
